
Microsoft Visual Studio Solution File, Format Version 12.00
# Visual Studio Version 17
VisualStudioVersion = 17.3.32929.385
MinimumVisualStudioVersion = 10.0.40219.1
Project("{9A19103F-16F7-4668-BE54-9A1E7A4F7556}") = "DualBootBluetoothHelper", "DualBootBluetoothHelper.csproj", "{1FC00189-3B36-427F-BAF1-E488F852424A}"
EndProject
Global
	GlobalSection(SolutionConfigurationPlatforms) = preSolution
		Debug|Any CPU = Debug|Any CPU
		Release|Any CPU = Release|Any CPU
	EndGlobalSection
	GlobalSection(ProjectConfigurationPlatforms) = postSolution
		{1FC00189-3B36-427F-BAF1-E488F852424A}.Debug|Any CPU.ActiveCfg = Debug|Any CPU
		{1FC00189-3B36-427F-BAF1-E488F852424A}.Debug|Any CPU.Build.0 = Debug|Any CPU
		{1FC00189-3B36-427F-BAF1-E488F852424A}.Release|Any CPU.ActiveCfg = Release|Any CPU
		{1FC00189-3B36-427F-BAF1-E488F852424A}.Release|Any CPU.Build.0 = Release|Any CPU
	EndGlobalSection
	GlobalSection(SolutionProperties) = preSolution
		HideSolutionNode = FALSE
	EndGlobalSection
	GlobalSection(ExtensibilityGlobals) = postSolution
		SolutionGuid = {13A7B24E-0910-4702-BB1D-7A6A439EB6C7}
	EndGlobalSection
EndGlobal
